version = 1
requires-python = ">=3.8"
resolution-markers = [
    "python_full_version < '3.10'",
    "python_full_version >= '3.10'",
]

[[package]]
name = "astroid"
version = "3.2.4"
source = { registry = "https://pypi.org/simple" }
dependencies = [
    { name = "typing-extensions", marker = "python_full_version < '3.11'" },
]
sdist = { url = "https://files.pythonhosted.org/packages/9e/53/1067e1113ecaf58312357f2cd93063674924119d80d173adc3f6f2387aa2/astroid-3.2.4.tar.gz", hash = "sha256:0e14202810b30da1b735827f78f5157be2bbd4a7a59b7707ca0bfc2fb4c0063a", size = 397576 }
wheels = [
    { url = "https://files.pythonhosted.org/packages/80/96/b32bbbb46170a1c8b8b1f28c794202e25cfe743565e9d3469b8eb1e0cc05/astroid-3.2.4-py3-none-any.whl", hash = "sha256:413658a61eeca6202a59231abb473f932038fbcbf1666587f66d482083413a25", size = 276348 },
]

[[package]]
name = "beautifulsoup4"
version = "4.9.3"
source = { registry = "https://pypi.org/simple" }
dependencies = [
    { name = "soupsieve" },
]
sdist = { url = "https://files.pythonhosted.org/packages/6b/c3/d31704ae558dcca862e4ee8e8388f357af6c9d9acb0cad4ba0fbbd350d9a/beautifulsoup4-4.9.3.tar.gz", hash = "sha256:84729e322ad1d5b4d25f805bfa05b902dd96450f43842c4e99067d5e1369eb25", size = 376031 }
wheels = [
    { url = "https://files.pythonhosted.org/packages/d1/41/e6495bd7d3781cee623ce23ea6ac73282a373088fcd0ddc809a047b18eae/beautifulsoup4-4.9.3-py3-none-any.whl", hash = "sha256:fff47e031e34ec82bf17e00da8f592fe7de69aeea38be00523c04623c04fb666", size = 115807 },
]

[[package]]
name = "black"
version = "21.12b0"
source = { registry = "https://pypi.org/simple" }
dependencies = [
    { name = "click" },
    { name = "mypy-extensions" },
    { name = "pathspec" },
    { name = "platformdirs" },
    { name = "tomli" },
    { name = "typing-extensions" },
]
sdist = { url = "https://files.pythonhosted.org/packages/f7/60/7a9775dc1b81a572eb26836c7e77c92bf454ada00693af4b2d2f2614971a/black-21.12b0.tar.gz", hash = "sha256:77b80f693a569e2e527958459634f18df9b0ba2625ba4e0c2d5da5be42e6f2b3", size = 594232 }
wheels = [
    { url = "https://files.pythonhosted.org/packages/9b/27/b2f98b627738b02dcac06ae9e2ab13f14ab906fe6dd6366050c76883d4b5/black-21.12b0-py3-none-any.whl", hash = "sha256:a615e69ae185e08fdd73e4715e260e2479c861b5740057fde6e8b4e3b7dd589f", size = 156737 },
]

[[package]]
name = "certifi"
version = "2020.11.8"
source = { registry = "https://pypi.org/simple" }
sdist = { url = "https://files.pythonhosted.org/packages/e6/de/879cf857ae6f890dfa23c3d6239814c5471936b618c8fb0c8732ad5da885/certifi-2020.11.8.tar.gz", hash = "sha256:f05def092c44fbf25834a51509ef6e631dc19765ab8a57b4e7ab85531f0a9cf4", size = 157338 }
wheels = [
    { url = "https://files.pythonhosted.org/packages/c1/6f/3d85f0850962279a7e4c622695d7b3171e95ac65308a57d3b29738b27149/certifi-2020.11.8-py2.py3-none-any.whl", hash = "sha256:1f422849db327d534e3d0c5f02a263458c3955ec0aae4ff09b95f195c59f4edd", size = 155393 },
]

[[package]]
name = "chardet"
version = "3.0.4"
source = { registry = "https://pypi.org/simple" }
sdist = { url = "https://files.pythonhosted.org/packages/fc/bb/a5768c230f9ddb03acc9ef3f0d4a3cf93462473795d18e9535498c8f929d/chardet-3.0.4.tar.gz", hash = "sha256:84ab92ed1c4d4f16916e05906b6b75a6c0fb5db821cc65e70cbd64a3e2a5eaae", size = 1868453 }
wheels = [
    { url = "https://files.pythonhosted.org/packages/bc/a9/01ffebfb562e4274b6487b4bb1ddec7ca55ec7510b22e4c51f14098443b8/chardet-3.0.4-py2.py3-none-any.whl", hash = "sha256:fc323ffcaeaed0e0a02bf4d117757b98aed530d9ed4531e3e15460124c106691", size = 133356 },
]

[[package]]
name = "click"
version = "7.1.2"
source = { registry = "https://pypi.org/simple" }
sdist = { url = "https://files.pythonhosted.org/packages/27/6f/be940c8b1f1d69daceeb0032fee6c34d7bd70e3e649ccac0951500b4720e/click-7.1.2.tar.gz", hash = "sha256:d2b5255c7c6349bc1bd1e59e08cd12acbbd63ce649f2588755783aa94dfb6b1a", size = 297279 }
wheels = [
    { url = "https://files.pythonhosted.org/packages/d2/3d/fa76db83bf75c4f8d338c2fd15c8d33fdd7ad23a9b5e57eb6c5de26b430e/click-7.1.2-py2.py3-none-any.whl", hash = "sha256:dacca89f4bfadd5de3d7489b7c8a566eee0d3676333fbb50030263894c38c0dc", size = 82780 },
]

[[package]]
name = "colorama"
version = "0.4.6"
source = { registry = "https://pypi.org/simple" }
sdist = { url = "https://files.pythonhosted.org/packages/d8/53/6f443c9a4a8358a93a6792e2acffb9d9d5cb0a5cfd8802644b7b1c9a02e4/colorama-0.4.6.tar.gz", hash = "sha256:08695f5cb7ed6e0531a20572697297273c47b8cae5a63ffc6d6ed5c201be6e44", size = 27697 }
wheels = [
    { url = "https://files.pythonhosted.org/packages/d1/d6/3965ed04c63042e047cb6a3e6ed1a63a35087b6a609aa3a15ed8ac56c221/colorama-0.4.6-py2.py3-none-any.whl", hash = "sha256:4f1d9991f5acc0ca119f9d443620b77f9d6b33703e51011c16baf57afb285fc6", size = 25335 },
]

[[package]]
name = "debugpy"
version = "1.2.0"
source = { registry = "https://pypi.org/simple" }
sdist = { url = "https://files.pythonhosted.org/packages/12/73/35e48dfeb1e26fbc6fe6e888c5b7507f7010488bb1d7363322edc38c03c6/debugpy-1.2.0.zip", hash = "sha256:7c619b5252f62e85e7dc631577961739ccaf9cd439c439caa7f89b4912307043", size = 4124118 }
wheels = [
    { url = "https://files.pythonhosted.org/packages/b7/ae/70c176c9339fa52d6b0318ee5d60367d5a67875a66a0d62cefb5a96c8497/debugpy-1.2.0-cp38-cp38-macosx_10_14_x86_64.whl", hash = "sha256:e4dc0b16580798289917b4926113e3da583cdb247b27a910ac5aaa674ac31fa4", size = 4330462 },
    { url = "https://files.pythonhosted.org/packages/e2/31/fb2bb6a3595d4adc8e9c9c9c85e11ac4eb8eec65871a8c24c65d21ecc534/debugpy-1.2.0-cp38-cp38-manylinux1_i686.whl", hash = "sha256:d2a28cd2ec68ad4324967e8f7581786524433c03fc7b2e5d680831c4eaa8d2a3", size = 5129882 },
    { url = "https://files.pythonhosted.org/packages/90/25/1d0ef89fc4020a1bdd7cc4244b05a6387506b78f7d30ea867b047d1e3e99/debugpy-1.2.0-cp38-cp38-manylinux1_x86_64.whl", hash = "sha256:4f0f9930c4f77a38b34b1b2062233233b9b145cec301540cbb9e984c81f2ef63", size = 5218286 },
    { url = "https://files.pythonhosted.org/packages/1a/ad/929bc43df333c77906c0e403549676816e2be7ca56e1f3cde5f6497b6b3c/debugpy-1.2.0-cp38-cp38-manylinux2010_i686.whl", hash = "sha256:a31bb6903038c2f23b2755102ce4a052021b4d21b0e59b7c97eccf20c52661c6", size = 5481857 },
    { url = "https://files.pythonhosted.org/packages/46/09/f0aac90de161f5f54fcb8e229f5c5ca7a314581f4987f87e1d1a79b85179/debugpy-1.2.0-cp38-cp38-manylinux2010_x86_64.whl", hash = "sha256:df722fcfa5ead4e613cd9e12ff4597ebcab9c58da4736f90f5bde242f7c20a49", size = 5609552 },
    { url = "https://files.pythonhosted.org/packages/4c/47/aef0f6cd2cdcbc2c710bf6e794a2b5ea5af535738b7a35bafc9118759644/debugpy-1.2.0-cp38-cp38-manylinux2014_i686.whl", hash = "sha256:fa83197bc808a6c58178ce8ee300a2359421482ade701dede4a475b374120dbb", size = 5690135 },
    { url = "https://files.pythonhosted.org/packages/a5/7b/234970c495f0614c97bde7f8df03c7bf1ead8ef9a242ddde2ffd94993abc/debugpy-1.2.0-cp38-cp38-manylinux2014_x86_64.whl", hash = "sha256:a750616b60c83d651d9437900ad483da65e37c5702664e5a72d6c4decd8e3f46", size = 5814419 },
    { url = "https://files.pythonhosted.org/packages/74/ec/45075af1b57e1c712d539d978e9784ed1ca69715fa931468252ccf83c7e0/debugpy-1.2.0-cp38-cp38-win32.whl", hash = "sha256:bbe288f8909f5595236698a15caba583d7a782648d0ff605a3041f2685495348", size = 4306424 },
    { url = "https://files.pythonhosted.org/packages/09/9c/fd6763ae5fd63cb93fdb23e84c8025765cb9817c017cdeef532c14888015/debugpy-1.2.0-cp38-cp38-win_amd64.whl", hash = "sha256:8c05a6390e76ea3432244cb97c7a97362d9a3157aeb0df76b64de57bb6eea84a", size = 4331655 },
    { url = "https://files.pythonhosted.org/packages/08/88/654fbc1bb0a157d3b830490735dcd03acb0abd98acba0bca75714c9ad1f9/debugpy-1.2.0-cp39-cp39-macosx_10_14_x86_64.whl", hash = "sha256:be2cebafa176820153e4bcd6bd3ce88c3643c03b577335a27529faa0af3d7912", size = 4337252 },
    { url = "https://files.pythonhosted.org/packages/4c/bb/5af1dd522d0421cb684adccab070554497556d2b94cec1129b9d147a266d/debugpy-1.2.0-cp39-cp39-manylinux1_i686.whl", hash = "sha256:9a1245bde8c7093990e60dace449529ac29dee7778edf0ea70cfded769ea94b2", size = 5049219 },
    { url = "https://files.pythonhosted.org/packages/b5/e5/2bfafd1e2511c35376d31d7c7cc0ecfb9f44b0b16f453a93174049740054/debugpy-1.2.0-cp39-cp39-manylinux1_x86_64.whl", hash = "sha256:2332a7ce67c3edb440100a8fba608bc1dce17fa29f1706db99ae45b0f43de971", size = 5111798 },
    { url = "https://files.pythonhosted.org/packages/1e/3f/a6d939c7d00d78e72efe4d73f2dc22db3ce4aabe1ca50396754d1b37d981/debugpy-1.2.0-cp39-cp39-manylinux2010_i686.whl", hash = "sha256:50e192d2d4f425be83f69da22300127020b23792a4363365ef65c6cb88a09a7a", size = 5331263 },
    { url = "https://files.pythonhosted.org/packages/c6/78/1d26aa97932503a408df4ff101e6519f2dbe662a669f947cc6930ea3e349/debugpy-1.2.0-cp39-cp39-manylinux2010_x86_64.whl", hash = "sha256:6a9420168b9bad6ed02e953de1a8363879fb3ea140ce78af00f7ec9d3c55b0ff", size = 5399164 },
    { url = "https://files.pythonhosted.org/packages/aa/a5/ac2777609f2c91f875503f6b6617a0d104b5bf46d741c40d2140594dd7f9/debugpy-1.2.0-cp39-cp39-manylinux2014_i686.whl", hash = "sha256:681595654920ed35fcb19b10fb667aef512e8123f09a0ecb21edb6381112c626", size = 5527648 },
    { url = "https://files.pythonhosted.org/packages/6d/e8/8bd37c91384b9c743452d6c1d7b5017bb9322defb64032a2a0dfe00ad9ad/debugpy-1.2.0-cp39-cp39-manylinux2014_x86_64.whl", hash = "sha256:c244ae02da5b1d4516cffad235a6c381bd7e3de447850e87401c6c9157b5d1e3", size = 5591359 },
    { url = "https://files.pythonhosted.org/packages/00/20/3fbe1f4decdd04c9282134575e7715399ccf2bc2c98443ca19a05e8f4a94/debugpy-1.2.0-py2.py3-none-any.whl", hash = "sha256:cf1d9292eb034145e8bc223e9c6745bc1a8ca0e3e51a069b7c3cfb152e9261a3", size = 4097157 },
]

[[package]]
name = "docopt"
version = "0.6.2"
source = { registry = "https://pypi.org/simple" }
sdist = { url = "https://files.pythonhosted.org/packages/a2/55/8f8cab2afd404cf578136ef2cc5dfb50baa1761b68c9da1fb1e4eed343c9/docopt-0.6.2.tar.gz", hash = "sha256:49b3a825280bd66b3aa83585ef59c4a8c82f2c8a522dbe754a8bc8d08c85c491", size = 25901 }

[[package]]
name = "exceptiongroup"
version = "1.2.2"
source = { registry = "https://pypi.org/simple" }
sdist = { url = "https://files.pythonhosted.org/packages/09/35/2495c4ac46b980e4ca1f6ad6db102322ef3ad2410b79fdde159a4b0f3b92/exceptiongroup-1.2.2.tar.gz", hash = "sha256:47c2edf7c6738fafb49fd34290706d1a1a2f4d1c6df275526b62cbb4aa5393cc", size = 28883 }
wheels = [
    { url = "https://files.pythonhosted.org/packages/02/cc/b7e31358aac6ed1ef2bb790a9746ac2c69bcb3c8588b41616914eb106eaf/exceptiongroup-1.2.2-py3-none-any.whl", hash = "sha256:3111b9d131c238bec2f8f516e123e14ba243563fb135d3fe885990585aa7795b", size = 16453 },
]

[[package]]
name = "fastapi"
version = "0.61.2"
source = { registry = "https://pypi.org/simple" }
dependencies = [
    { name = "pydantic" },
    { name = "starlette" },
]
sdist = { url = "https://files.pythonhosted.org/packages/36/0c/888ebd0cdef9045b811c3e06b3860742a41d4b9699ba4e0b81fa82d9d817/fastapi-0.61.2.tar.gz", hash = "sha256:9e0494fcbba98f85b8cc9b2606bb6b625246e1b12f79ca61f508b0b00843eca6", size = 5232716 }
wheels = [
    { url = "https://files.pythonhosted.org/packages/4c/0b/5df17eaadb7fe39dad349f484e551e802ce0581be672822f010c530d5e75/fastapi-0.61.2-py3-none-any.whl", hash = "sha256:8c8517680a221e69eb34073adf46c503092db2f24845b7bdc7f85b54f24ff0df", size = 48867 },
]

[[package]]
name = "gunicorn"
version = "20.0.4"
source = { registry = "https://pypi.org/simple" }
dependencies = [
    { name = "setuptools" },
]
sdist = { url = "https://files.pythonhosted.org/packages/33/b8/f5fd32e1f46fcfefd7cb5c84dee1cf657ab3540ee92b8a09fc40e4887bf0/gunicorn-20.0.4.tar.gz", hash = "sha256:1904bb2b8a43658807108d59c3f3d56c2b6121a701161de0ddf9ad140073c626", size = 373841 }
wheels = [
    { url = "https://files.pythonhosted.org/packages/69/ca/926f7cd3a2014b16870086b2d0fdc84a9e49473c68a8dff8b57f7c156f43/gunicorn-20.0.4-py2.py3-none-any.whl", hash = "sha256:cd4a810dd51bf497552cf3f863b575dabd73d6ad6a91075b65936b151cbf4f9c", size = 77859 },
]

[[package]]
name = "h11"
version = "0.11.0"
source = { registry = "https://pypi.org/simple" }
sdist = { url = "https://files.pythonhosted.org/packages/22/01/01dc716e71eeead6c6329a19028548ac4a5c2a769a130722548c63479038/h11-0.11.0.tar.gz", hash = "sha256:3c6c61d69c6f13d41f1b80ab0322f1872702a3ba26e12aa864c928f6a43fbaab", size = 97509 }
wheels = [
    { url = "https://files.pythonhosted.org/packages/b2/79/9c5f5cd738ec2a9b26453b3093915c0999f24454e2773921025c03b5509e/h11-0.11.0-py2.py3-none-any.whl", hash = "sha256:ab6c335e1b6ef34b205d5ca3e228c9299cc7218b049819ec84a388c2525e5d87", size = 54557 },
]

[[package]]
name = "html5lib"
version = "1.1"
source = { registry = "https://pypi.org/simple" }
dependencies = [
    { name = "six" },
    { name = "webencodings" },
]
sdist = { url = "https://files.pythonhosted.org/packages/ac/b6/b55c3f49042f1df3dcd422b7f224f939892ee94f22abcf503a9b7339eaf2/html5lib-1.1.tar.gz", hash = "sha256:b2e5b40261e20f354d198eae92afc10d750afb487ed5e50f9c4eaf07c184146f", size = 272215 }
wheels = [
    { url = "https://files.pythonhosted.org/packages/6c/dd/a834df6482147d48e225a49515aabc28974ad5a4ca3215c18a882565b028/html5lib-1.1-py2.py3-none-any.whl", hash = "sha256:0d78f8fde1c230e99fe37986a60526d7049ed4bf8a9fadbad5f00e22e58e041d", size = 112173 },
]

[[package]]
name = "httptools"
version = "0.1.1"
source = { registry = "https://pypi.org/simple" }
sdist = { url = "https://files.pythonhosted.org/packages/d9/6f/aad92c3f090e2f74dd728d58d3bba4c832d35199814af99673ee7300b582/httptools-0.1.1.tar.gz", hash = "sha256:41b573cf33f64a8f8f3400d0a7faf48e1888582b6f6e02b82b9bd4f0bf7497ce", size = 106162 }
wheels = [
    { url = "https://files.pythonhosted.org/packages/c0/f0/14d8b4d68f46c652cc03f5f04f0a1e9f8178a255f89001370419a57f90aa/httptools-0.1.1-cp38-cp38-macosx_10_13_x86_64.whl", hash = "sha256:fea04e126014169384dee76a153d4573d90d0cbd1d12185da089f73c78390437", size = 102786 },
    { url = "https://files.pythonhosted.org/packages/ff/0b/6a581de6d1dccbec5688ae023c6e3840a4684542a0931d6519a17e07d2cd/httptools-0.1.1-cp38-cp38-manylinux1_x86_64.whl", hash = "sha256:3592e854424ec94bd17dc3e0c96a64e459ec4147e6d53c0a42d0ebcef9cb9c5d", size = 227625 },
    { url = "https://files.pythonhosted.org/packages/ab/fd/4e0e917ac490e3c122ee416eb44a33598982fd36f0d6162a4a3b740288eb/httptools-0.1.1-cp38-cp38-win_amd64.whl", hash = "sha256:0a4b1b2012b28e68306575ad14ad5e9120b34fccd02a81eb08838d7e3bbb48be", size = 97096 },
]

[[package]]
name = "idna"
version = "2.10"
source = { registry = "https://pypi.org/simple" }
sdist = { url = "https://files.pythonhosted.org/packages/ea/b7/e0e3c1c467636186c39925827be42f16fee389dc404ac29e930e9136be70/idna-2.10.tar.gz", hash = "sha256:b307872f855b18632ce0c21c5e45be78c0ea7ae4c15c828c20788b26921eb3f6", size = 175616 }
wheels = [
    { url = "https://files.pythonhosted.org/packages/a2/38/928ddce2273eaa564f6f50de919327bf3a00f091b5baba8dfa9460f3a8a8/idna-2.10-py2.py3-none-any.whl", hash = "sha256:b97d804b1e9b523befed77c48dacec60e6dcb0b5391d57af6a65a312a90648c0", size = 58811 },
]

[[package]]
name = "iniconfig"
version = "2.0.0"
source = { registry = "https://pypi.org/simple" }
sdist = { url = "https://files.pythonhosted.org/packages/d7/4b/cbd8e699e64a6f16ca3a8220661b5f83792b3017d0f79807cb8708d33913/iniconfig-2.0.0.tar.gz", hash = "sha256:2d91e135bf72d31a410b17c16da610a82cb55f6b0477d1a902134b24a455b8b3", size = 4646 }
wheels = [
    { url = "https://files.pythonhosted.org/packages/ef/a6/62565a6e1cf69e10f5727360368e451d4b7f58beeac6173dc9db836a5b46/iniconfig-2.0.0-py3-none-any.whl", hash = "sha256:b6a85871a79d2e3b22d2d1b94ac2824226a63c6b741c88f7ae975f18b6778374", size = 5892 },
]

[[package]]
name = "isort"
version = "6.0.0b2"
source = { registry = "https://pypi.org/simple" }
sdist = { url = "https://files.pythonhosted.org/packages/c2/c1/f07bccdd320562359e052f4b0973291b90445c6ce85ce90a8805f608adea/isort-6.0.0b2.tar.gz", hash = "sha256:0ec8b74806e80fec33e6e7ba89d35e17b3eb1c4c74316ea44cf877cc26e8b118", size = 174746 }
wheels = [
    { url = "https://files.pythonhosted.org/packages/8c/1e/635dcb1f08392eef8d66b55359a245371d984dd0f30927e90c8cd7ba0a9b/isort-6.0.0b2-py3-none-any.whl", hash = "sha256:cde11e804641edbe1b6b95d56582eb541f27eebc77864c6015545944bb0e9c76", size = 105316 },
]

[[package]]
name = "mccabe"
version = "0.7.0"
source = { registry = "https://pypi.org/simple" }
sdist = { url = "https://files.pythonhosted.org/packages/e7/ff/0ffefdcac38932a54d2b5eed4e0ba8a408f215002cd178ad1df0f2806ff8/mccabe-0.7.0.tar.gz", hash = "sha256:348e0240c33b60bbdf4e523192ef919f28cb2c3d7d5c7794f74009290f236325", size = 9658 }
wheels = [
    { url = "https://files.pythonhosted.org/packages/27/1a/1f68f9ba0c207934b35b86a8ca3aad8395a3d6dd7921c0686e23853ff5a9/mccabe-0.7.0-py2.py3-none-any.whl", hash = "sha256:6c2d30ab6be0e4a46919781807b4f0d834ebdd6c6e3dca0bda5a15f863427b6e", size = 7350 },
]

[[package]]
name = "mypy"
version = "1.14.1"
source = { registry = "https://pypi.org/simple" }
dependencies = [
    { name = "mypy-extensions" },
    { name = "tomli", marker = "python_full_version < '3.11'" },
    { name = "typing-extensions" },
]
sdist = { url = "https://files.pythonhosted.org/packages/b9/eb/2c92d8ea1e684440f54fa49ac5d9a5f19967b7b472a281f419e69a8d228e/mypy-1.14.1.tar.gz", hash = "sha256:7ec88144fe9b510e8475ec2f5f251992690fcf89ccb4500b214b4226abcd32d6", size = 3216051 }
wheels = [
    { url = "https://files.pythonhosted.org/packages/9b/7a/87ae2adb31d68402da6da1e5f30c07ea6063e9f09b5e7cfc9dfa44075e74/mypy-1.14.1-cp310-cp310-macosx_10_9_x86_64.whl", hash = "sha256:52686e37cf13d559f668aa398dd7ddf1f92c5d613e4f8cb262be2fb4fedb0fcb", size = 11211002 },
    { url = "https://files.pythonhosted.org/packages/e1/23/eada4c38608b444618a132be0d199b280049ded278b24cbb9d3fc59658e4/mypy-1.14.1-cp310-cp310-macosx_11_0_arm64.whl", hash = "sha256:1fb545ca340537d4b45d3eecdb3def05e913299ca72c290326be19b3804b39c0", size = 10358400 },
    { url = "https://files.pythonhosted.org/packages/43/c9/d6785c6f66241c62fd2992b05057f404237deaad1566545e9f144ced07f5/mypy-1.14.1-cp310-cp310-manylinux_2_17_aarch64.manylinux2014_aarch64.manylinux_2_28_aarch64.whl", hash = "sha256:90716d8b2d1f4cd503309788e51366f07c56635a3309b0f6a32547eaaa36a64d", size = 12095172 },
    { url = "https://files.pythonhosted.org/packages/c3/62/daa7e787770c83c52ce2aaf1a111eae5893de9e004743f51bfcad9e487ec/mypy-1.14.1-cp310-cp310-manylinux_2_17_x86_64.manylinux2014_x86_64.manylinux_2_28_x86_64.whl", hash = "sha256:2ae753f5c9fef278bcf12e1a564351764f2a6da579d4a81347e1d5a15819997b", size = 12828732 },
    { url = "https://files.pythonhosted.org/packages/1b/a2/5fb18318a3637f29f16f4e41340b795da14f4751ef4f51c99ff39ab62e52/mypy-1.14.1-cp310-cp310-musllinux_1_2_x86_64.whl", hash = "sha256:e0fe0f5feaafcb04505bcf439e991c6d8f1bf8b15f12b05feeed96e9e7bf1427", size = 13012197 },
    { url = "https://files.pythonhosted.org/packages/28/99/e153ce39105d164b5f02c06c35c7ba958aaff50a2babba7d080988b03fe7/mypy-1.14.1-cp310-cp310-win_amd64.whl", hash = "sha256:7d54bd85b925e501c555a3227f3ec0cfc54ee8b6930bd6141ec872d1c572f81f", size = 9780836 },
    { url = "https://files.pythonhosted.org/packages/da/11/a9422850fd506edbcdc7f6090682ecceaf1f87b9dd847f9df79942da8506/mypy-1.14.1-cp311-cp311-macosx_10_9_x86_64.whl", hash = "sha256:f995e511de847791c3b11ed90084a7a0aafdc074ab88c5a9711622fe4751138c", size = 11120432 },
    { url = "https://files.pythonhosted.org/packages/b6/9e/47e450fd39078d9c02d620545b2cb37993a8a8bdf7db3652ace2f80521ca/mypy-1.14.1-cp311-cp311-macosx_11_0_arm64.whl", hash = "sha256:d64169ec3b8461311f8ce2fd2eb5d33e2d0f2c7b49116259c51d0d96edee48d1", size = 10279515 },
    { url = "https://files.pythonhosted.org/packages/01/b5/6c8d33bd0f851a7692a8bfe4ee75eb82b6983a3cf39e5e32a5d2a723f0c1/mypy-1.14.1-cp311-cp311-manylinux_2_17_aarch64.manylinux2014_aarch64.manylinux_2_28_aarch64.whl", hash = "sha256:ba24549de7b89b6381b91fbc068d798192b1b5201987070319889e93038967a8", size = 12025791 },
    { url = "https://files.pythonhosted.org/packages/f0/4c/e10e2c46ea37cab5c471d0ddaaa9a434dc1d28650078ac1b56c2d7b9b2e4/mypy-1.14.1-cp311-cp311-manylinux_2_17_x86_64.manylinux2014_x86_64.manylinux_2_28_x86_64.whl", hash = "sha256:183cf0a45457d28ff9d758730cd0210419ac27d4d3f285beda038c9083363b1f", size = 12749203 },
    { url = "https://files.pythonhosted.org/packages/88/55/beacb0c69beab2153a0f57671ec07861d27d735a0faff135a494cd4f5020/mypy-1.14.1-cp311-cp311-musllinux_1_2_x86_64.whl", hash = "sha256:f2a0ecc86378f45347f586e4163d1769dd81c5a223d577fe351f26b179e148b1", size = 12885900 },
    { url = "https://files.pythonhosted.org/packages/a2/75/8c93ff7f315c4d086a2dfcde02f713004357d70a163eddb6c56a6a5eff40/mypy-1.14.1-cp311-cp311-win_amd64.whl", hash = "sha256:ad3301ebebec9e8ee7135d8e3109ca76c23752bac1e717bc84cd3836b4bf3eae", size = 9777869 },
    { url = "https://files.pythonhosted.org/packages/43/1b/b38c079609bb4627905b74fc6a49849835acf68547ac33d8ceb707de5f52/mypy-1.14.1-cp312-cp312-macosx_10_13_x86_64.whl", hash = "sha256:30ff5ef8519bbc2e18b3b54521ec319513a26f1bba19a7582e7b1f58a6e69f14", size = 11266668 },
    { url = "https://files.pythonhosted.org/packages/6b/75/2ed0d2964c1ffc9971c729f7a544e9cd34b2cdabbe2d11afd148d7838aa2/mypy-1.14.1-cp312-cp312-macosx_11_0_arm64.whl", hash = "sha256:cb9f255c18052343c70234907e2e532bc7e55a62565d64536dbc7706a20b78b9", size = 10254060 },
    { url = "https://files.pythonhosted.org/packages/a1/5f/7b8051552d4da3c51bbe8fcafffd76a6823779101a2b198d80886cd8f08e/mypy-1.14.1-cp312-cp312-manylinux_2_17_aarch64.manylinux2014_aarch64.manylinux_2_28_aarch64.whl", hash = "sha256:8b4e3413e0bddea671012b063e27591b953d653209e7a4fa5e48759cda77ca11", size = 11933167 },
    { url = "https://files.pythonhosted.org/packages/04/90/f53971d3ac39d8b68bbaab9a4c6c58c8caa4d5fd3d587d16f5927eeeabe1/mypy-1.14.1-cp312-cp312-manylinux_2_17_x86_64.manylinux2014_x86_64.manylinux_2_28_x86_64.whl", hash = "sha256:553c293b1fbdebb6c3c4030589dab9fafb6dfa768995a453d8a5d3b23784af2e", size = 12864341 },
    { url = "https://files.pythonhosted.org/packages/03/d2/8bc0aeaaf2e88c977db41583559319f1821c069e943ada2701e86d0430b7/mypy-1.14.1-cp312-cp312-musllinux_1_2_x86_64.whl", hash = "sha256:fad79bfe3b65fe6a1efaed97b445c3d37f7be9fdc348bdb2d7cac75579607c89", size = 12972991 },
    { url = "https://files.pythonhosted.org/packages/6f/17/07815114b903b49b0f2cf7499f1c130e5aa459411596668267535fe9243c/mypy-1.14.1-cp312-cp312-win_amd64.whl", hash = "sha256:8fa2220e54d2946e94ab6dbb3ba0a992795bd68b16dc852db33028df2b00191b", size = 9879016 },
    { url = "https://files.pythonhosted.org/packages/9e/15/bb6a686901f59222275ab228453de741185f9d54fecbaacec041679496c6/mypy-1.14.1-cp313-cp313-macosx_10_13_x86_64.whl", hash = "sha256:92c3ed5afb06c3a8e188cb5da4984cab9ec9a77ba956ee419c68a388b4595255", size = 11252097 },
    { url = "https://files.pythonhosted.org/packages/f8/b3/8b0f74dfd072c802b7fa368829defdf3ee1566ba74c32a2cb2403f68024c/mypy-1.14.1-cp313-cp313-macosx_11_0_arm64.whl", hash = "sha256:dbec574648b3e25f43d23577309b16534431db4ddc09fda50841f1e34e64ed34", size = 10239728 },
    { url = "https://files.pythonhosted.org/packages/c5/9b/4fd95ab20c52bb5b8c03cc49169be5905d931de17edfe4d9d2986800b52e/mypy-1.14.1-cp313-cp313-manylinux_2_17_aarch64.manylinux2014_aarch64.manylinux_2_28_aarch64.whl", hash = "sha256:8c6d94b16d62eb3e947281aa7347d78236688e21081f11de976376cf010eb31a", size = 11924965 },
    { url = "https://files.pythonhosted.org/packages/56/9d/4a236b9c57f5d8f08ed346914b3f091a62dd7e19336b2b2a0d85485f82ff/mypy-1.14.1-cp313-cp313-manylinux_2_17_x86_64.manylinux2014_x86_64.manylinux_2_28_x86_64.whl", hash = "sha256:d4b19b03fdf54f3c5b2fa474c56b4c13c9dbfb9a2db4370ede7ec11a2c5927d9", size = 12867660 },
    { url = "https://files.pythonhosted.org/packages/40/88/a61a5497e2f68d9027de2bb139c7bb9abaeb1be1584649fa9d807f80a338/mypy-1.14.1-cp313-cp313-musllinux_1_2_x86_64.whl", hash = "sha256:0c911fde686394753fff899c409fd4e16e9b294c24bfd5e1ea4675deae1ac6fd", size = 12969198 },
    { url = "https://files.pythonhosted.org/packages/54/da/3d6fc5d92d324701b0c23fb413c853892bfe0e1dbe06c9138037d459756b/mypy-1.14.1-cp313-cp313-win_amd64.whl", hash = "sha256:8b21525cb51671219f5307be85f7e646a153e5acc656e5cebf64bfa076c50107", size = 9885276 },
    { url = "https://files.pythonhosted.org/packages/39/02/1817328c1372be57c16148ce7d2bfcfa4a796bedaed897381b1aad9b267c/mypy-1.14.1-cp38-cp38-macosx_10_9_x86_64.whl", hash = "sha256:7084fb8f1128c76cd9cf68fe5971b37072598e7c31b2f9f95586b65c741a9d31", size = 11143050 },
    { url = "https://files.pythonhosted.org/packages/b9/07/99db9a95ece5e58eee1dd87ca456a7e7b5ced6798fd78182c59c35a7587b/mypy-1.14.1-cp38-cp38-macosx_11_0_arm64.whl", hash = "sha256:8f845a00b4f420f693f870eaee5f3e2692fa84cc8514496114649cfa8fd5e2c6", size = 10321087 },
    { url = "https://files.pythonhosted.org/packages/9a/eb/85ea6086227b84bce79b3baf7f465b4732e0785830726ce4a51528173b71/mypy-1.14.1-cp38-cp38-manylinux_2_17_aarch64.manylinux2014_aarch64.manylinux_2_28_aarch64.whl", hash = "sha256:44bf464499f0e3a2d14d58b54674dee25c031703b2ffc35064bd0df2e0fac319", size = 12066766 },
    { url = "https://files.pythonhosted.org/packages/4b/bb/f01bebf76811475d66359c259eabe40766d2f8ac8b8250d4e224bb6df379/mypy-1.14.1-cp38-cp38-manylinux_2_17_x86_64.manylinux2014_x86_64.manylinux_2_28_x86_64.whl", hash = "sha256:c99f27732c0b7dc847adb21c9d47ce57eb48fa33a17bc6d7d5c5e9f9e7ae5bac", size = 12787111 },
    { url = "https://files.pythonhosted.org/packages/2f/c9/84837ff891edcb6dcc3c27d85ea52aab0c4a34740ff5f0ccc0eb87c56139/mypy-1.14.1-cp38-cp38-musllinux_1_2_x86_64.whl", hash = "sha256:bce23c7377b43602baa0bd22ea3265c49b9ff0b76eb315d6c34721af4cdf1d9b", size = 12974331 },
    { url = "https://files.pythonhosted.org/packages/84/5f/901e18464e6a13f8949b4909535be3fa7f823291b8ab4e4b36cfe57d6769/mypy-1.14.1-cp38-cp38-win_amd64.whl", hash = "sha256:8edc07eeade7ebc771ff9cf6b211b9a7d93687ff892150cb5692e4f4272b0837", size = 9763210 },
    { url = "https://files.pythonhosted.org/packages/ca/1f/186d133ae2514633f8558e78cd658070ba686c0e9275c5a5c24a1e1f0d67/mypy-1.14.1-cp39-cp39-macosx_10_9_x86_64.whl", hash = "sha256:3888a1816d69f7ab92092f785a462944b3ca16d7c470d564165fe703b0970c35", size = 11200493 },
    { url = "https://files.pythonhosted.org/packages/af/fc/4842485d034e38a4646cccd1369f6b1ccd7bc86989c52770d75d719a9941/mypy-1.14.1-cp39-cp39-macosx_11_0_arm64.whl", hash = "sha256:46c756a444117c43ee984bd055db99e498bc613a70bbbc120272bd13ca579fbc", size = 10357702 },
    { url = "https://files.pythonhosted.org/packages/b4/e6/457b83f2d701e23869cfec013a48a12638f75b9d37612a9ddf99072c1051/mypy-1.14.1-cp39-cp39-manylinux_2_17_aarch64.manylinux2014_aarch64.manylinux_2_28_aarch64.whl", hash = "sha256:27fc248022907e72abfd8e22ab1f10e903915ff69961174784a3900a8cba9ad9", size = 12091104 },
    { url = "https://files.pythonhosted.org/packages/f1/bf/76a569158db678fee59f4fd30b8e7a0d75bcbaeef49edd882a0d63af6d66/mypy-1.14.1-cp39-cp39-manylinux_2_17_x86_64.manylinux2014_x86_64.manylinux_2_28_x86_64.whl", hash = "sha256:499d6a72fb7e5de92218db961f1a66d5f11783f9ae549d214617edab5d4dbdbb", size = 12830167 },
    { url = "https://files.pythonhosted.org/packages/43/bc/0bc6b694b3103de9fed61867f1c8bd33336b913d16831431e7cb48ef1c92/mypy-1.14.1-cp39-cp39-musllinux_1_2_x86_64.whl", hash = "sha256:57961db9795eb566dc1d1b4e9139ebc4c6b0cb6e7254ecde69d1552bf7613f60", size = 13013834 },
    { url = "https://files.pythonhosted.org/packages/b0/79/5f5ec47849b6df1e6943d5fd8e6632fbfc04b4fd4acfa5a5a9535d11b4e2/mypy-1.14.1-cp39-cp39-win_amd64.whl", hash = "sha256:07ba89fdcc9451f2ebb02853deb6aaaa3d2239a236669a63ab3801bbf923ef5c", size = 9781231 },
    { url = "https://files.pythonhosted.org/packages/a0/b5/32dd67b69a16d088e533962e5044e51004176a9952419de0370cdaead0f8/mypy-1.14.1-py3-none-any.whl", hash = "sha256:b66a60cc4073aeb8ae00057f9c1f64d49e90f918fbcef9a977eb121da8b8f1d1", size = 2752905 },
]

[[package]]
name = "mypy-extensions"
version = "1.0.0"
source = { registry = "https://pypi.org/simple" }
sdist = { url = "https://files.pythonhosted.org/packages/98/a4/1ab47638b92648243faf97a5aeb6ea83059cc3624972ab6b8d2316078d3f/mypy_extensions-1.0.0.tar.gz", hash = "sha256:75dbf8955dc00442a438fc4d0666508a9a97b6bd41aa2f0ffe9d2f2725af0782", size = 4433 }
wheels = [
    { url = "https://files.pythonhosted.org/packages/2a/e2/5d3f6ada4297caebe1a2add3b126fe800c96f56dbe5d1988a2cbe0b267aa/mypy_extensions-1.0.0-py3-none-any.whl", hash = "sha256:4392f6c0eb8a5668a69e23d168ffa70f0be9ccfd32b5cc2d26a34ae5b844552d", size = 4695 },
]

[[package]]
name = "packaging"
version = "24.2"
source = { registry = "https://pypi.org/simple" }
sdist = { url = "https://files.pythonhosted.org/packages/d0/63/68dbb6eb2de9cb10ee4c9c14a0148804425e13c4fb20d61cce69f53106da/packaging-24.2.tar.gz", hash = "sha256:c228a6dc5e932d346bc5739379109d49e8853dd8223571c7c5b55260edc0b97f", size = 163950 }
wheels = [
    { url = "https://files.pythonhosted.org/packages/88/ef/eb23f262cca3c0c4eb7ab1933c3b1f03d021f2c48f54763065b6f0e321be/packaging-24.2-py3-none-any.whl", hash = "sha256:09abb1bccd265c01f4a3aa3f7a7db064b36514d2cba19a2f694fe6150451a759", size = 65451 },
]

[[package]]
name = "pathspec"
version = "0.12.1"
source = { registry = "https://pypi.org/simple" }
sdist = { url = "https://files.pythonhosted.org/packages/ca/bc/f35b8446f4531a7cb215605d100cd88b7ac6f44ab3fc94870c120ab3adbf/pathspec-0.12.1.tar.gz", hash = "sha256:a482d51503a1ab33b1c67a6c3813a26953dbdc71c31dacaef9a838c4e29f5712", size = 51043 }
wheels = [
    { url = "https://files.pythonhosted.org/packages/cc/20/ff623b09d963f88bfde16306a54e12ee5ea43e9b597108672ff3a408aad6/pathspec-0.12.1-py3-none-any.whl", hash = "sha256:a0d503e138a4c123b27490a4f7beda6a01c6f288df0e4a8b79c7eb0dc7b4cc08", size = 31191 },
]

[[package]]
name = "platformdirs"
version = "4.3.6"
source = { registry = "https://pypi.org/simple" }
sdist = { url = "https://files.pythonhosted.org/packages/13/fc/128cc9cb8f03208bdbf93d3aa862e16d376844a14f9a0ce5cf4507372de4/platformdirs-4.3.6.tar.gz", hash = "sha256:357fb2acbc885b0419afd3ce3ed34564c13c9b95c89360cd9563f73aa5e2b907", size = 21302 }
wheels = [
    { url = "https://files.pythonhosted.org/packages/3c/a6/bc1012356d8ece4d66dd75c4b9fc6c1f6650ddd5991e421177d9f8f671be/platformdirs-4.3.6-py3-none-any.whl", hash = "sha256:73e575e1408ab8103900836b97580d5307456908a03e92031bab39e4554cc3fb", size = 18439 },
]

[[package]]
name = "pluggy"
version = "1.5.0"
source = { registry = "https://pypi.org/simple" }
sdist = { url = "https://files.pythonhosted.org/packages/96/2d/02d4312c973c6050a18b314a5ad0b3210edb65a906f868e31c111dede4a6/pluggy-1.5.0.tar.gz", hash = "sha256:2cffa88e94fdc978c4c574f15f9e59b7f4201d439195c3715ca9e2486f1d0cf1", size = 67955 }
wheels = [
    { url = "https://files.pythonhosted.org/packages/88/5f/e351af9a41f866ac3f1fac4ca0613908d9a41741cfcf2228f4ad853b697d/pluggy-1.5.0-py3-none-any.whl", hash = "sha256:44e1ad92c8ca002de6377e165f3e0f1be63266ab4d554740532335b9d75ea669", size = 20556 },
]

[[package]]
name = "pydantic"
version = "1.7.2"
source = { registry = "https://pypi.org/simple" }
sdist = { url = "https://files.pythonhosted.org/packages/24/5d/7be779647b54cef0398fe4f7e7da45f083afe7f7b2ee5afa6b4d6a1caf04/pydantic-1.7.2.tar.gz", hash = "sha256:c8200aecbd1fb914e1bd061d71a4d1d79ecb553165296af0c14989b89e90d09b", size = 223158 }
wheels = [
    { url = "https://files.pythonhosted.org/packages/00/30/8c5b96764fef9bbe5221cd5efa23ab7fe18db6c1a733c27466ee676ec1f2/pydantic-1.7.2-cp38-cp38-macosx_10_9_x86_64.whl", hash = "sha256:b9572c0db13c8658b4a4cb705dcaae6983aeb9842248b36761b3fbc9010b740f", size = 2357889 },
    { url = "https://files.pythonhosted.org/packages/23/8d/4da9b58c8cea486c93c1e84eda03a82abd9da6fb2de32e080fe050e1dacb/pydantic-1.7.2-cp38-cp38-manylinux1_i686.whl", hash = "sha256:f83f679e727742b0c465e7ef992d6da4a7e5268b8edd8fdaf5303276374bef52", size = 11318527 },
    { url = "https://files.pythonhosted.org/packages/bf/25/e50809f91f9fbacc452d527ea1630a0a70473c3ae35f96275f8b96b4663e/pydantic-1.7.2-cp38-cp38-manylinux2014_i686.whl", hash = "sha256:e5fece30e80087d9b7986104e2ac150647ec1658c4789c89893b03b100ca3164", size = 11318530 },
    { url = "https://files.pythonhosted.org/packages/c5/3e/6c249e7a065202660e1ee0e2b2673d1afbb06ceae4e87e07a07adc320366/pydantic-1.7.2-cp38-cp38-manylinux2014_x86_64.whl", hash = "sha256:ce2d452961352ba229fe1e0b925b41c0c37128f08dddb788d0fd73fd87ea0f66", size = 12216963 },
    { url = "https://files.pythonhosted.org/packages/69/ae/023c8b58ea66cf7ab3844cb309ea7bd76a38ea8d616a1e22e33ffd4ca74e/pydantic-1.7.2-cp38-cp38-win_amd64.whl", hash = "sha256:fc21a37ff3f545de80b166e1735c4172b41b017948a3fb2d5e2f03c219eac50a", size = 1783065 },
    { url = "https://files.pythonhosted.org/packages/73/04/5c0aae0f222532bf604bb33298fcd3abd6f7c9b24e34b0bdddabf0e662a5/pydantic-1.7.2-cp39-cp39-macosx_10_9_x86_64.whl", hash = "sha256:c9760d1556ec59ff745f88269a8f357e2b7afc75c556b3a87b8dda5bc62da8ba", size = 2400115 },
    { url = "https://files.pythonhosted.org/packages/a9/ea/9d40319d6c57af0399de1d28edd8a2f7a9214f5733c5ea23eefd94241154/pydantic-1.7.2-cp39-cp39-manylinux1_i686.whl", hash = "sha256:2c1673633ad1eea78b1c5c420a47cd48717d2ef214c8230d96ca2591e9e00958", size = 9771067 },
    { url = "https://files.pythonhosted.org/packages/c3/5c/da3ee6ffd23b14de5923158b7bac8c6b0c6356118004860233ae044ed011/pydantic-1.7.2-cp39-cp39-manylinux2014_i686.whl", hash = "sha256:388c0c26c574ff49bad7d0fd6ed82fbccd86a0473fa3900397d3354c533d6ebb", size = 9771069 },
    { url = "https://files.pythonhosted.org/packages/be/64/2296f9d25298955927567fe66b1b17812eb8893ca045b84e44a36e5bcc52/pydantic-1.7.2-cp39-cp39-manylinux2014_x86_64.whl", hash = "sha256:ab1d5e4d8de00575957e1c982b951bffaedd3204ddd24694e3baca3332e53a23", size = 10251708 },
    { url = "https://files.pythonhosted.org/packages/00/7a/a003ebd3fc9e4098899cd4c6dd6f896f6fd36acfbb425d4bb7f3038b6866/pydantic-1.7.2-cp39-cp39-win_amd64.whl", hash = "sha256:f045cf7afb3352a03bc6cb993578a34560ac24c5d004fa33c76efec6ada1361a", size = 1754613 },
    { url = "https://files.pythonhosted.org/packages/54/a8/01a6ebf62e7234deffc747d161dacdc29255382610df40f6293ca58fd4fd/pydantic-1.7.2-py3-none-any.whl", hash = "sha256:6665f7ab7fbbf4d3c1040925ff4d42d7549a8c15fe041164adfe4fc2134d4cce", size = 107080 },
]

[[package]]
name = "pylint"
version = "2.3.0"
source = { registry = "https://pypi.org/simple" }
dependencies = [
    { name = "astroid" },
    { name = "colorama", marker = "sys_platform == 'win32'" },
    { name = "isort" },
    { name = "mccabe" },
]
sdist = { url = "https://files.pythonhosted.org/packages/76/05/9cec99650c4da518e4214db5fd57e5a052e7019bc460d7af149d4da54bfc/pylint-2.3.0.tar.gz", hash = "sha256:ee80c7af4f127b2a480d83010c9f0e97beb8eaa652b78c2837d3ed30b12e1182", size = 577567 }
wheels = [
    { url = "https://files.pythonhosted.org/packages/53/cc/c85a8ed4d2f5e69dff4d9c2a1d69cc3f069e1321a2e2dc67f57e02fa2179/pylint-2.3.0-py3-none-any.whl", hash = "sha256:2bf4bd58d6d5d87174fbc9d1d134a9aeee852d4dc29cbd422a7015772770bc63", size = 764804 },
]

[[package]]
name = "pytest"
version = "8.3.4"
source = { registry = "https://pypi.org/simple" }
dependencies = [
    { name = "colorama", marker = "sys_platform == 'win32'" },
    { name = "exceptiongroup", marker = "python_full_version < '3.11'" },
    { name = "iniconfig" },
    { name = "packaging" },
    { name = "pluggy" },
    { name = "tomli", marker = "python_full_version < '3.11'" },
]
sdist = { url = "https://files.pythonhosted.org/packages/05/35/30e0d83068951d90a01852cb1cef56e5d8a09d20c7f511634cc2f7e0372a/pytest-8.3.4.tar.gz", hash = "sha256:965370d062bce11e73868e0335abac31b4d3de0e82f4007408d242b4f8610761", size = 1445919 }
wheels = [
    { url = "https://files.pythonhosted.org/packages/11/92/76a1c94d3afee238333bc0a42b82935dd8f9cf8ce9e336ff87ee14d9e1cf/pytest-8.3.4-py3-none-any.whl", hash = "sha256:50e16d954148559c9a74109af1eaf0c945ba2d8f30f0a3d3335edde19788b6f6", size = 343083 },
]

[[package]]
name = "requests"
version = "2.25.0"
source = { registry = "https://pypi.org/simple" }
dependencies = [
    { name = "certifi" },
    { name = "chardet" },
    { name = "idna" },
    { name = "urllib3" },
]
sdist = { url = "https://files.pythonhosted.org/packages/9f/14/4a6542a078773957aa83101336375c9597e6fe5889d20abda9c38f9f3ff2/requests-2.25.0.tar.gz", hash = "sha256:7f1a0b932f4a60a1a65caa4263921bb7d9ee911957e0ae4a23a6dd08185ad5f8", size = 101897 }
wheels = [
    { url = "https://files.pythonhosted.org/packages/39/fc/f91eac5a39a65f75a7adb58eac7fa78871ea9872283fb9c44e6545998134/requests-2.25.0-py2.py3-none-any.whl", hash = "sha256:e786fa28d8c9154e6a4de5d46a1d921b8749f8b74e28bde23768e5e16eece998", size = 61132 },
]

[[package]]
name = "requests-cache"
version = "0.5.2"
source = { registry = "https://pypi.org/simple" }
dependencies = [
    { name = "requests" },
]
sdist = { url = "https://files.pythonhosted.org/packages/0c/d4/bdc22aad6979ceeea2638297f213108aeb5e25c7b103fa02e4acbe43992e/requests-cache-0.5.2.tar.gz", hash = "sha256:813023269686045f8e01e2289cc1e7e9ae5ab22ddd1e2849a9093ab3ab7270eb", size = 31159 }
wheels = [
    { url = "https://files.pythonhosted.org/packages/7f/55/9b1c40eb83c16d8fc79c5f6c2ffade04208b080670fbfc35e0a5effb5a92/requests_cache-0.5.2-py2.py3-none-any.whl", hash = "sha256:81e13559baee64677a7d73b85498a5a8f0639e204517b5d05ff378e44a57831a", size = 22356 },
]

[[package]]
name = "rope"
version = "1.1.1"
source = { registry = "https://pypi.org/simple" }
sdist = { url = "https://files.pythonhosted.org/packages/0c/b5/51532e830abd1f274abb16a65a40359cf5dba32ee0559e6cbb622d37470c/rope-1.1.1.tar.gz", hash = "sha256:13048ff0245a0fa187f282697a55add46e4ccf083e7670f868bdf54ee9e47f2e", size = 274610 }
wheels = [
    { url = "https://files.pythonhosted.org/packages/76/f3/ebd965c6b44b32c3edb1ecaeba9c77bb6503e0f70309c4c78d9e600e9fc8/rope-1.1.1-py3-none-any.whl", hash = "sha256:216390b6342bde8ef1f27a6663554de0ea0b1fdad7c421deb3d5a3f6c5fc01e7", size = 197003 },
]

[[package]]
name = "setuptools"
version = "75.3.0"
source = { registry = "https://pypi.org/simple" }
sdist = { url = "https://files.pythonhosted.org/packages/ed/22/a438e0caa4576f8c383fa4d35f1cc01655a46c75be358960d815bfbb12bd/setuptools-75.3.0.tar.gz", hash = "sha256:fba5dd4d766e97be1b1681d98712680ae8f2f26d7881245f2ce9e40714f1a686", size = 1351577 }
wheels = [
    { url = "https://files.pythonhosted.org/packages/90/12/282ee9bce8b58130cb762fbc9beabd531549952cac11fc56add11dcb7ea0/setuptools-75.3.0-py3-none-any.whl", hash = "sha256:f2504966861356aa38616760c0f66568e535562374995367b4e69c7143cf6bcd", size = 1251070 },
]

[[package]]
name = "six"
version = "1.15.0"
source = { registry = "https://pypi.org/simple" }
sdist = { url = "https://files.pythonhosted.org/packages/6b/34/415834bfdafca3c5f451532e8a8d9ba89a21c9743a0c59fbd0205c7f9426/six-1.15.0.tar.gz", hash = "sha256:30639c035cdb23534cd4aa2dd52c3bf48f06e5f4a941509c8bafd8ce11080259", size = 33917 }
wheels = [
    { url = "https://files.pythonhosted.org/packages/ee/ff/48bde5c0f013094d729fe4b0316ba2a24774b3ff1c52d924a8a4cb04078a/six-1.15.0-py2.py3-none-any.whl", hash = "sha256:8b74bedcbbbaca38ff6d7491d76f2b06b3592611af620f8426e82dddb04a5ced", size = 10963 },
]

[[package]]
name = "soupsieve"
version = "2.0.1"
source = { registry = "https://pypi.org/simple" }
sdist = { url = "https://files.pythonhosted.org/packages/3e/db/5ba900920642414333bdc3cb397075381d63eafc7e75c2373bbc560a9fa1/soupsieve-2.0.1.tar.gz", hash = "sha256:a59dc181727e95d25f781f0eb4fd1825ff45590ec8ff49eadfd7f1a537cc0232", size = 95986 }
wheels = [
    { url = "https://files.pythonhosted.org/packages/6f/8f/457f4a5390eeae1cc3aeab89deb7724c965be841ffca6cfca9197482e470/soupsieve-2.0.1-py3-none-any.whl", hash = "sha256:1634eea42ab371d3d346309b93df7870a88610f0725d47528be902a0d95ecc55", size = 32679 },
]

[[package]]
name = "starlette"
version = "0.13.6"
source = { registry = "https://pypi.org/simple" }
sdist = { url = "https://files.pythonhosted.org/packages/53/da/ddd95317478f8f4be8e5445c0c5acf928b1192953834a520afdacf13ddea/starlette-0.13.6.tar.gz", hash = "sha256:ebe8ee08d9be96a3c9f31b2cb2a24dbdf845247b745664bd8a3f9bd0c977fdbc", size = 49216 }
wheels = [
    { url = "https://files.pythonhosted.org/packages/c5/a4/c9e228d7d47044ce4c83ba002f28ff479e542455f0499198a3f77c94f564/starlette-0.13.6-py3-none-any.whl", hash = "sha256:bd2ffe5e37fb75d014728511f8e68ebf2c80b0fa3d04ca1479f4dc752ae31ac9", size = 59998 },
]

[[package]]
name = "subtitles"
version = "0.1.0"
source = { virtual = "." }
dependencies = [
    { name = "beautifulsoup4" },
    { name = "certifi" },
    { name = "chardet" },
    { name = "click" },
    { name = "debugpy" },
    { name = "docopt" },
    { name = "fastapi" },
    { name = "gunicorn" },
    { name = "h11" },
    { name = "html5lib" },
    { name = "httptools" },
    { name = "idna" },
    { name = "pydantic" },
    { name = "requests" },
    { name = "requests-cache" },
    { name = "setuptools" },
    { name = "six" },
    { name = "soupsieve" },
    { name = "starlette" },
    { name = "urllib3" },
    { name = "uvicorn" },
    { name = "uvloop" },
    { name = "webencodings" },
    { name = "webvtt-py" },
]

[package.dev-dependencies]
dev = [
    { name = "black" },
    { name = "isort" },
    { name = "mypy" },
    { name = "pylint" },
    { name = "pytest" },
    { name = "rope" },
]

[package.metadata]
requires-dist = [
    { name = "beautifulsoup4", specifier = "==4.9.3" },
    { name = "certifi", specifier = "==2020.11.8" },
    { name = "chardet", specifier = "==3.0.4" },
    { name = "click", specifier = "==7.1.2" },
    { name = "debugpy", specifier = "==1.2.0" },
    { name = "docopt", specifier = "==0.6.2" },
    { name = "fastapi", specifier = "==0.61.2" },
    { name = "gunicorn", specifier = "==20.0.4" },
    { name = "h11", specifier = "==0.11.0" },
    { name = "html5lib", specifier = "==1.1" },
    { name = "httptools", specifier = "==0.1.1" },
    { name = "idna", specifier = "==2.10" },
    { name = "pydantic", specifier = "==1.7.2" },
    { name = "requests", specifier = "==2.25.0" },
    { name = "requests-cache", specifier = "==0.5.2" },
    { name = "setuptools", specifier = "==75.3.0" },
    { name = "six", specifier = "==1.15.0" },
    { name = "soupsieve", specifier = "==2.0.1" },
    { name = "starlette", specifier = "==0.13.6" },
    { name = "urllib3", specifier = "==1.26.2" },
    { name = "uvicorn", specifier = "==0.12.2" },
    { name = "uvloop", specifier = "==0.14.0" },
    { name = "webencodings", specifier = "==0.5.1" },
    { name = "webvtt-py", specifier = "==0.4.6" },
]

[package.metadata.requires-dev]
dev = [
    { name = "black", specifier = ">=21.12b0" },
    { name = "isort", specifier = ">=6.0.0b2" },
    { name = "mypy", specifier = ">=1.14.1" },
    { name = "pylint", specifier = ">=2.3.0" },
    { name = "pytest", specifier = ">=8.3.4" },
    { name = "rope", specifier = ">=1.1.1" },
]

[[package]]
name = "tomli"
version = "1.2.3"
source = { registry = "https://pypi.org/simple" }
sdist = { url = "https://files.pythonhosted.org/packages/fb/2e/d0a8276b0cf9b9e34fd0660c330acc59656f53bb2209adc75af863a3582d/tomli-1.2.3.tar.gz", hash = "sha256:05b6166bff487dc068d322585c7ea4ef78deed501cc124060e0f238e89a9231f", size = 15094 }
wheels = [
    { url = "https://files.pythonhosted.org/packages/05/e4/74f9440db36734d7ba83c574c1e7024009ce849208a41f90e94a134dc6d1/tomli-1.2.3-py3-none-any.whl", hash = "sha256:e3069e4be3ead9668e21cb9b074cd948f7b3113fd9c8bba083f48247aab8b11c", size = 12122 },
]

[[package]]
name = "typing-extensions"
version = "4.12.2"
source = { registry = "https://pypi.org/simple" }
sdist = { url = "https://files.pythonhosted.org/packages/df/db/f35a00659bc03fec321ba8bce9420de607a1d37f8342eee1863174c69557/typing_extensions-4.12.2.tar.gz", hash = "sha256:1a7ead55c7e559dd4dee8856e3a88b41225abfe1ce8df57b7c13915fe121ffb8", size = 85321 }
wheels = [
    { url = "https://files.pythonhosted.org/packages/26/9f/ad63fc0248c5379346306f8668cda6e2e2e9c95e01216d2b8ffd9ff037d0/typing_extensions-4.12.2-py3-none-any.whl", hash = "sha256:04e5ca0351e0f3f85c6853954072df659d0d13fac324d0072316b67d7794700d", size = 37438 },
]

[[package]]
name = "urllib3"
version = "1.26.2"
source = { registry = "https://pypi.org/simple" }
sdist = { url = "https://files.pythonhosted.org/packages/29/e6/d1a1d78c439cad688757b70f26c50a53332167c364edb0134cadd280e234/urllib3-1.26.2.tar.gz", hash = "sha256:19188f96923873c92ccb987120ec4acaa12f0461fa9ce5d3d0772bc965a39e08", size = 286877 }
wheels = [
    { url = "https://files.pythonhosted.org/packages/f5/71/45d36a8df68f3ebb098d6861b2c017f3d094538c0fb98fa61d4dc43e69b9/urllib3-1.26.2-py2.py3-none-any.whl", hash = "sha256:d8ff90d979214d7b4f8ce956e80f4028fc6860e4431f731ea4a8c08f23f99473", size = 136770 },
]

[[package]]
name = "uvicorn"
version = "0.12.2"
source = { registry = "https://pypi.org/simple" }
dependencies = [
    { name = "click" },
    { name = "h11" },
]
sdist = { url = "https://files.pythonhosted.org/packages/1d/f9/cf632de3d5b68634ca82fd37489aea772919a0f42b45033ac845fa17ef24/uvicorn-0.12.2.tar.gz", hash = "sha256:8ff7495c74b8286a341526ff9efa3988ebab9a4b2f561c7438c3cb420992d7dd", size = 32093 }
wheels = [
    { url = "https://files.pythonhosted.org/packages/30/cc/01cc4cb980dfcf04eb283b6497c7f280928a0b02c68c0f85b6901e7716ae/uvicorn-0.12.2-py3-none-any.whl", hash = "sha256:e5dbed4a8a44c7b04376021021d63798d6a7bcfae9c654a0b153577b93854fba", size = 45066 },
]

[[package]]
name = "uvloop"
version = "0.14.0"
source = { registry = "https://pypi.org/simple" }
sdist = { url = "https://files.pythonhosted.org/packages/84/2e/462e7a25b787d2b40cf6c9864a9e702f358349fc9cfb77e83c38acb73048/uvloop-0.14.0.tar.gz", hash = "sha256:123ac9c0c7dd71464f58f1b4ee0bbd81285d96cdda8bc3519281b8973e3a461e", size = 2009041 }
wheels = [
    { url = "https://files.pythonhosted.org/packages/5f/66/c4ef2614c00841e787081128ce228bcd48f00826a7628453dba3b757dfb1/uvloop-0.14.0-cp38-cp38-macosx_10_11_x86_64.whl", hash = "sha256:bcac356d62edd330080aed082e78d4b580ff260a677508718f88016333e2c9c5", size = 1544724 },
    { url = "https://files.pythonhosted.org/packages/bd/c0/38d013d6cbfa58e7aa8b32bf5095196a3d70dbff90a754817ebf3f49dd74/uvloop-0.14.0-cp38-cp38-manylinux2010_x86_64.whl", hash = "sha256:4315d2ec3ca393dd5bc0b0089d23101276778c304d42faff5dc4579cb6caef09", size = 4672313 },
]

[[package]]
name = "webencodings"
version = "0.5.1"
source = { registry = "https://pypi.org/simple" }
sdist = { url = "https://files.pythonhosted.org/packages/0b/02/ae6ceac1baeda530866a85075641cec12989bd8d31af6d5ab4a3e8c92f47/webencodings-0.5.1.tar.gz", hash = "sha256:b36a1c245f2d304965eb4e0a82848379241dc04b865afcc4aab16748587e1923", size = 9721 }
wheels = [
    { url = "https://files.pythonhosted.org/packages/f4/24/2a3e3df732393fed8b3ebf2ec078f05546de641fe1b667ee316ec1dcf3b7/webencodings-0.5.1-py2.py3-none-any.whl", hash = "sha256:a0af1213f3c2226497a97e2b3aa01a7e4bee4f403f95be16fc9acd2947514a78", size = 11774 },
]

[[package]]
name = "webvtt-py"
version = "0.4.6"
source = { registry = "https://pypi.org/simple" }
dependencies = [
    { name = "docopt" },
]
wheels = [
    { url = "https://files.pythonhosted.org/packages/1b/83/115b001f8c79f9580834faf214062b1ff69f61c62ab1a5c3c1e5e347d4a3/webvtt_py-0.4.6-py3-none-any.whl", hash = "sha256:5cf9da2a8c34bc789db599377be87b228b7e4734c629597edd27a8054e004a57", size = 16981 },
]
